
Microsoft Visual Studio Solution File, Format Version 12.00
# Visual Studio Version 17
VisualStudioVersion = 17.7.34003.232
MinimumVisualStudioVersion = 10.0.40219.1
Project("{8BC9CEB8-8B4A-11D0-8D11-00A0C91BC942}") = "TestProject_2023", "TestProject_2023\TestProject_2023.vcxproj", "{EFC72630-19C6-44AF-8886-F768BFABDD5D}"
EndProject
Global
	GlobalSection(SolutionConfigurationPlatforms) = preSolution
		Debug|x64 = Debug|x64
		Debug|x86 = Debug|x86
		Release|x64 = Release|x64
		Release|x86 = Release|x86
	EndGlobalSection
	GlobalSection(ProjectConfigurationPlatforms) = postSolution
		{EFC72630-19C6-44AF-8886-F768BFABDD5D}.Debug|x64.ActiveCfg = Debug|x64
		{EFC72630-19C6-44AF-8886-F768BFABDD5D}.Debug|x64.Build.0 = Debug|x64
		{EFC72630-19C6-44AF-8886-F768BFABDD5D}.Debug|x86.ActiveCfg = Debug|Win32
		{EFC72630-19C6-44AF-8886-F768BFABDD5D}.Debug|x86.Build.0 = Debug|Win32
		{EFC72630-19C6-44AF-8886-F768BFABDD5D}.Release|x64.ActiveCfg = Release|x64
		{EFC72630-19C6-44AF-8886-F768BFABDD5D}.Release|x64.Build.0 = Release|x64
		{EFC72630-19C6-44AF-8886-F768BFABDD5D}.Release|x86.ActiveCfg = Release|Win32
		{EFC72630-19C6-44AF-8886-F768BFABDD5D}.Release|x86.Build.0 = Release|Win32
	EndGlobalSection
	GlobalSection(SolutionProperties) = preSolution
		HideSolutionNode = FALSE
	EndGlobalSection
	GlobalSection(ExtensibilityGlobals) = postSolution
		SolutionGuid = {511D2C10-099F-43FD-ADDE-FBDDBFC1157E}
	EndGlobalSection
EndGlobal
